
Microsoft Visual Studio Solution File, Format Version 12.00
# Visual Studio Version 17
VisualStudioVersion = 17.4.33205.214
MinimumVisualStudioVersion = 10.0.40219.1
Project("{9A19103F-16F7-4668-BE54-9A1E7A4F7556}") = "MTGVault", "MTGVault.csproj", "{5065276F-E17F-411A-B7C6-FE7C7EDFA816}"
EndProject
Global
	GlobalSection(SolutionConfigurationPlatforms) = preSolution
		Debug|Any CPU = Debug|Any CPU
		Release|Any CPU = Release|Any CPU
	EndGlobalSection
	GlobalSection(ProjectConfigurationPlatforms) = postSolution
		{5065276F-E17F-411A-B7C6-FE7C7EDFA816}.Debug|Any CPU.ActiveCfg = Debug|Any CPU
		{5065276F-E17F-411A-B7C6-FE7C7EDFA816}.Debug|Any CPU.Build.0 = Debug|Any CPU
		{5065276F-E17F-411A-B7C6-FE7C7EDFA816}.Release|Any CPU.ActiveCfg = Release|Any CPU
		{5065276F-E17F-411A-B7C6-FE7C7EDFA816}.Release|Any CPU.Build.0 = Release|Any CPU
	EndGlobalSection
	GlobalSection(SolutionProperties) = preSolution
		HideSolutionNode = FALSE
	EndGlobalSection
	GlobalSection(ExtensibilityGlobals) = postSolution
		SolutionGuid = {4F604F38-A94D-403A-B30C-096C32677C81}
	EndGlobalSection
EndGlobal
